
Microsoft Visual Studio Solution File, Format Version 12.00
# Visual Studio Version 17
VisualStudioVersion = 17.14.36915.13 d17.14
MinimumVisualStudioVersion = 10.0.40219.1
Project("{8BC9CEB8-8B4A-11D0-8D11-00A0C91BC942}") = "Pokemon GO Base Stat Calculator", "Pokemon GO Base Stat Calculator\Pokemon GO Base Stat Calculator.vcxproj", "{6FA41019-3892-4086-98B4-9EE77A5C0E28}"
EndProject
Global
	GlobalSection(SolutionConfigurationPlatforms) = preSolution
		Debug|x64 = Debug|x64
		Debug|x86 = Debug|x86
		Release|x64 = Release|x64
		Release|x86 = Release|x86
	EndGlobalSection
	GlobalSection(ProjectConfigurationPlatforms) = postSolution
		{6FA41019-3892-4086-98B4-9EE77A5C0E28}.Debug|x64.ActiveCfg = Debug|x64
		{6FA41019-3892-4086-98B4-9EE77A5C0E28}.Debug|x64.Build.0 = Debug|x64
		{6FA41019-3892-4086-98B4-9EE77A5C0E28}.Debug|x86.ActiveCfg = Debug|Win32
		{6FA41019-3892-4086-98B4-9EE77A5C0E28}.Debug|x86.Build.0 = Debug|Win32
		{6FA41019-3892-4086-98B4-9EE77A5C0E28}.Release|x64.ActiveCfg = Release|x64
		{6FA41019-3892-4086-98B4-9EE77A5C0E28}.Release|x64.Build.0 = Release|x64
		{6FA41019-3892-4086-98B4-9EE77A5C0E28}.Release|x86.ActiveCfg = Release|Win32
		{6FA41019-3892-4086-98B4-9EE77A5C0E28}.Release|x86.Build.0 = Release|Win32
	EndGlobalSection
	GlobalSection(SolutionProperties) = preSolution
		HideSolutionNode = FALSE
	EndGlobalSection
	GlobalSection(ExtensibilityGlobals) = postSolution
		SolutionGuid = {566DD41D-5BC5-4152-99E1-82C82C1F75BF}
	EndGlobalSection
EndGlobal
